{
  "name": "Angular6",
  "version": "1.0.0",
  "lockfileVersion": 1,
  "requires": true,
  "dependencies": {
    "@angular/common": {
      "version": "7.0.2",
      "resolved": "https://registry.npmjs.org/@angular/common/-/common-7.0.2.tgz",
      "integrity": "sha512-AamMjesc88a4c2cc3QI4N/rYY/unZ+py3VenXIRaAJCpM9PROF0klXdcu8wQ+kuwf2Ba+gkqtuAHIS8dsc5YFg==",
      "requires": {
        "tslib": "1.9.3"
      }
    },
    "@angular/compiler": {
      "version": "7.0.2",
      "resolved": "https://registry.npmjs.org/@angular/compiler/-/compiler-7.0.2.tgz",
      "integrity": "sha512-nyXX91a/sav+Nf99P7oy6ALuZsxlFhu1HEf24sdH3Ga45X3OL4oFCCfHjjDADyhq1SiRd/25Z8j1C4aeN6MJzQ==",
      "requires": {
        "tslib": "1.9.3"
      }
    },
    "@angular/core": {
      "version": "7.0.2",
      "resolved": "https://registry.npmjs.org/@angular/core/-/core-7.0.2.tgz",
      "integrity": "sha512-KxK0y3ywFd0uGIHzQRKtj7DD6f8IhntQxBrBFLxNOLwzpb5v8B7HkzHUB/Tnflvo4hFetdGEinS6pO7dikWLTQ==",
      "requires": {
        "tslib": "1.9.3"
      }
    },
    "@angular/platform-browser": {
      "version": "7.0.2",
      "resolved": "https://registry.npmjs.org/@angular/platform-browser/-/platform-browser-7.0.2.tgz",
      "integrity": "sha512-D5aDflV80MxzEC9FhBSrFoge9tftRapOTZJyWOAreWFfQGEA/3PG4VZPsLn09I0cXpN1s8+co9HEsrrhrmD+Sg==",
      "requires": {
        "tslib": "1.9.3"
      }
    },
    "@angular/platform-browser-dynamic": {
      "version": "7.0.2",
      "resolved": "https://registry.npmjs.org/@angular/platform-browser-dynamic/-/platform-browser-dynamic-7.0.2.tgz",
      "integrity": "sha512-Bvo7dSA+N5REzpZRdo70PZHgzzf9+SWqfqjMo4XLY/+5jXoJ5Wbi34SstDnUGHecW21cwGtzmi0pI92zeSvNCw==",
      "requires": {
        "tslib": "1.9.3"
      }
    },
    "core-js": {
      "version": "2.5.7",
      "resolved": "https://registry.npmjs.org/core-js/-/core-js-2.5.7.tgz",
      "integrity": "sha512-RszJCAxg/PP6uzXVXL6BsxSXx/B05oJAQ2vkJRjyjrEcNVycaqOmNb5OTxZPE3xa5gwZduqza6L9JOCenh/Ecw=="
    },
    "rxjs": {
      "version": "6.3.3",
      "resolved": "https://registry.npmjs.org/rxjs/-/rxjs-6.3.3.tgz",
      "integrity": "sha512-JTWmoY9tWCs7zvIk/CvRjhjGaOd+OVBM987mxFo+OW66cGpdKjZcpmc74ES1sB//7Kl/PAe8+wEakuhG4pcgOw==",
      "requires": {
        "tslib": "1.9.3"
      }
    },
    "systemjs": {
      "version": "2.1.1",
      "resolved": "https://registry.npmjs.org/systemjs/-/systemjs-2.1.1.tgz",
      "integrity": "sha512-T8bqkkIl56bLGrMzQh3+Ug2Oxg7NSyj+JFHv5Gi8V81mQr5XQKHEDooqvixbchYM9ZoeZedJFCMiPyN+nIEj4Q=="
    },
    "tslib": {
      "version": "1.9.3",
      "resolved": "https://registry.npmjs.org/tslib/-/tslib-1.9.3.tgz",
      "integrity": "sha512-4krF8scpejhaOgqzBEcGM7yDIEfi0/8+8zDRZhNZZ2kjmHJ4hv3zCbQWxoJGz1iw5U0Jl0nma13xzHXcncMavQ=="
    },
    "typescript": {
      "version": "3.1.5",
      "resolved": "https://registry.npmjs.org/typescript/-/typescript-3.1.5.tgz",
      "integrity": "sha512-muYNWV9j5+3mXoKD6oPONKuGUmYiFX14gfo9lWm9ZXRHOqVDQiB4q1CzFPbF4QLV2E9TZXH6oK55oQ94rn3PpA=="
    },
    "zone.js": {
      "version": "0.8.26",
      "resolved": "https://registry.npmjs.org/zone.js/-/zone.js-0.8.26.tgz",
      "integrity": "sha512-W9Nj+UmBJG251wkCacIkETgra4QgBo/vgoEkb4a2uoLzpQG7qF9nzwoLXWU5xj3Fg2mxGvEDh47mg24vXccYjA=="
    }
  }
}
